
Microsoft Visual Studio Solution File, Format Version 12.00
# Visual Studio Version 17
VisualStudioVersion = 17.4.33103.184
MinimumVisualStudioVersion = 10.0.40219.1
Project("{FAE04EC0-301F-11D3-BF4B-00C04F79EFBC}") = "ce205-hw4-unit-test", "ce205-hw3-unit-test\ce205-hw4-unit-test.csproj", "{0E0F1D44-5101-4CBD-BBEA-3729DA83D3EE}"
EndProject
Project("{FAE04EC0-301F-11D3-BF4B-00C04F79EFBC}") = "ce205-hw4-form-app", "ce205-hw3-form-app\ce205-hw4-form-app.csproj", "{7828C122-0B8D-44FF-A94F-AEACC135457D}"
EndProject
Project("{FAE04EC0-301F-11D3-BF4B-00C04F79EFBC}") = "ce205-hw4-algo-lib", "ce205-hw3-algo-lib\ce205-hw4-algo-lib.csproj", "{1A61D0E3-90D9-4BE4-9231-06544558F3B4}"
EndProject
Global
	GlobalSection(SolutionConfigurationPlatforms) = preSolution
		Debug|Any CPU = Debug|Any CPU
		Release|Any CPU = Release|Any CPU
	EndGlobalSection
	GlobalSection(ProjectConfigurationPlatforms) = postSolution
		{0E0F1D44-5101-4CBD-BBEA-3729DA83D3EE}.Debug|Any CPU.ActiveCfg = Debug|Any CPU
		{0E0F1D44-5101-4CBD-BBEA-3729DA83D3EE}.Debug|Any CPU.Build.0 = Debug|Any CPU
		{0E0F1D44-5101-4CBD-BBEA-3729DA83D3EE}.Release|Any CPU.ActiveCfg = Release|Any CPU
		{0E0F1D44-5101-4CBD-BBEA-3729DA83D3EE}.Release|Any CPU.Build.0 = Release|Any CPU
		{7828C122-0B8D-44FF-A94F-AEACC135457D}.Debug|Any CPU.ActiveCfg = Debug|Any CPU
		{7828C122-0B8D-44FF-A94F-AEACC135457D}.Debug|Any CPU.Build.0 = Debug|Any CPU
		{7828C122-0B8D-44FF-A94F-AEACC135457D}.Release|Any CPU.ActiveCfg = Release|Any CPU
		{7828C122-0B8D-44FF-A94F-AEACC135457D}.Release|Any CPU.Build.0 = Release|Any CPU
		{1A61D0E3-90D9-4BE4-9231-06544558F3B4}.Debug|Any CPU.ActiveCfg = Debug|Any CPU
		{1A61D0E3-90D9-4BE4-9231-06544558F3B4}.Debug|Any CPU.Build.0 = Debug|Any CPU
		{1A61D0E3-90D9-4BE4-9231-06544558F3B4}.Release|Any CPU.ActiveCfg = Release|Any CPU
		{1A61D0E3-90D9-4BE4-9231-06544558F3B4}.Release|Any CPU.Build.0 = Release|Any CPU
	EndGlobalSection
	GlobalSection(SolutionProperties) = preSolution
		HideSolutionNode = FALSE
	EndGlobalSection
	GlobalSection(ExtensibilityGlobals) = postSolution
		SolutionGuid = {10BC9C10-FE8E-4CBC-80C1-EF2DCB240267}
	EndGlobalSection
EndGlobal
